
Microsoft Visual Studio Solution File, Format Version 12.00
Project("{FAE04EC0-301F-11D3-BF4B-00C04F79EFBC}") = "SATSolver", "SATSolver.csproj", "{C166D376-8C62-41D6-8379-6C71429E728E}"
EndProject
Global
	GlobalSection(SolutionConfigurationPlatforms) = preSolution
		Debug|Any CPU = Debug|Any CPU
		Release|Any CPU = Release|Any CPU
	EndGlobalSection
	GlobalSection(ProjectConfigurationPlatforms) = postSolution
		{C166D376-8C62-41D6-8379-6C71429E728E}.Debug|Any CPU.ActiveCfg = Debug|Any CPU
		{C166D376-8C62-41D6-8379-6C71429E728E}.Debug|Any CPU.Build.0 = Debug|Any CPU
		{C166D376-8C62-41D6-8379-6C71429E728E}.Release|Any CPU.ActiveCfg = Release|Any CPU
		{C166D376-8C62-41D6-8379-6C71429E728E}.Release|Any CPU.Build.0 = Release|Any CPU
	EndGlobalSection
EndGlobal
